
Microsoft Visual Studio Solution File, Format Version 12.00
# Visual Studio Version 17
VisualStudioVersion = 17.10.35013.160
MinimumVisualStudioVersion = 10.0.40219.1
Project("{FAE04EC0-301F-11D3-BF4B-00C04F79EFBC}") = "SportSchool.API", "SportSchool.API\SportSchool.API.csproj", "{66A797E2-2F8F-4220-8404-CFC8A2AFE592}"
EndProject
Global
	GlobalSection(SolutionConfigurationPlatforms) = preSolution
		Debug|Any CPU = Debug|Any CPU
		Release|Any CPU = Release|Any CPU
	EndGlobalSection
	GlobalSection(ProjectConfigurationPlatforms) = postSolution
		{66A797E2-2F8F-4220-8404-CFC8A2AFE592}.Debug|Any CPU.ActiveCfg = Debug|Any CPU
		{66A797E2-2F8F-4220-8404-CFC8A2AFE592}.Debug|Any CPU.Build.0 = Debug|Any CPU
		{66A797E2-2F8F-4220-8404-CFC8A2AFE592}.Release|Any CPU.ActiveCfg = Release|Any CPU
		{66A797E2-2F8F-4220-8404-CFC8A2AFE592}.Release|Any CPU.Build.0 = Release|Any CPU
	EndGlobalSection
	GlobalSection(SolutionProperties) = preSolution
		HideSolutionNode = FALSE
	EndGlobalSection
	GlobalSection(ExtensibilityGlobals) = postSolution
		SolutionGuid = {EECA13D6-7B22-4538-BB2D-8F57B7AAEBC2}
	EndGlobalSection
EndGlobal
